// !$*UTF8*$!
{
	archiveVersion = 1;
	classes = {
	};
	objectVersion = 52;
	objects = {

/* Begin PBXBuildFile section */
		8F05872628121C85005680CE /* LaunchAssembly.swift in Sources */ = {isa = PBXBuildFile; fileRef = 8F05872528121C85005680CE /* LaunchAssembly.swift */; };
		8F5C9AC7281301BF007B9337 /* RootNavigationPresenter.swift in Sources */ = {isa = PBXBuildFile; fileRef = 8F5C9AC2281301BF007B9337 /* RootNavigationPresenter.swift */; };
		8F5C9AC8281301BF007B9337 /* RootNavigationRouter.swift in Sources */ = {isa = PBXBuildFile; fileRef = 8F5C9AC3281301BF007B9337 /* RootNavigationRouter.swift */; };
		8F5C9AC9281301BF007B9337 /* RootNavigationController.swift in Sources */ = {isa = PBXBuildFile; fileRef = 8F5C9AC4281301BF007B9337 /* RootNavigationController.swift */; };
		8F5C9ACA281301BF007B9337 /* RootNavigationAssembly.swift in Sources */ = {isa = PBXBuildFile; fileRef = 8F5C9AC5281301BF007B9337 /* RootNavigationAssembly.swift */; };
		8F5C9ACB281301BF007B9337 /* RootNavigationInteractor.swift in Sources */ = {isa = PBXBuildFile; fileRef = 8F5C9AC6281301BF007B9337 /* RootNavigationInteractor.swift */; };
		8F5C9ACD28130796007B9337 /* UserStory.swift in Sources */ = {isa = PBXBuildFile; fileRef = 8F5C9ACC28130796007B9337 /* UserStory.swift */; };
		8F99F4842815FCAB0005D75D /* tjk.json in Resources */ = {isa = PBXBuildFile; fileRef = 8F99F47A2815FCAA0005D75D /* tjk.json */; };
		8F99F4852815FCAB0005D75D /* ru.json in Resources */ = {isa = PBXBuildFile; fileRef = 8F99F47B2815FCAA0005D75D /* ru.json */; };
		8F99F4862815FCAB0005D75D /* uk.json in Resources */ = {isa = PBXBuildFile; fileRef = 8F99F47C2815FCAA0005D75D /* uk.json */; };
		8F99F4872815FCAB0005D75D /* az.json in Resources */ = {isa = PBXBuildFile; fileRef = 8F99F47D2815FCAA0005D75D /* az.json */; };
		8F99F4882815FCAB0005D75D /* uzb.json in Resources */ = {isa = PBXBuildFile; fileRef = 8F99F47E2815FCAA0005D75D /* uzb.json */; };
		8F99F4892815FCAB0005D75D /* am.json in Resources */ = {isa = PBXBuildFile; fileRef = 8F99F47F2815FCAA0005D75D /* am.json */; };
		8F99F48A2815FCAB0005D75D /* kz.json in Resources */ = {isa = PBXBuildFile; fileRef = 8F99F4802815FCAA0005D75D /* kz.json */; };
		8F99F48B2815FCAB0005D75D /* kgz.json in Resources */ = {isa = PBXBuildFile; fileRef = 8F99F4812815FCAA0005D75D /* kgz.json */; };
		8F99F48C2815FCAB0005D75D /* by.json in Resources */ = {isa = PBXBuildFile; fileRef = 8F99F4822815FCAA0005D75D /* by.json */; };
		8F99F48D2815FCAB0005D75D /* md.json in Resources */ = {isa = PBXBuildFile; fileRef = 8F99F4832815FCAA0005D75D /* md.json */; };
		8F9F2A662815EB0B0033D125 /* Managers in Frameworks */ = {isa = PBXBuildFile; productRef = 8F9F2A652815EB0B0033D125 /* Managers */; };
		8F9F2A692815EB3E0033D125 /* Authorization in Frameworks */ = {isa = PBXBuildFile; productRef = 8F9F2A682815EB3E0033D125 /* Authorization */; };
		8F9F2A6C2815EB5A0033D125 /* Account in Frameworks */ = {isa = PBXBuildFile; productRef = 8F9F2A6B2815EB5A0033D125 /* Account */; };
		8F9F2A6F2815EB7F0033D125 /* AuthorizedZone in Frameworks */ = {isa = PBXBuildFile; productRef = 8F9F2A6E2815EB7F0033D125 /* AuthorizedZone */; };
		EE56EB33240531A4000D8ABC /* GoogleService-Info.plist in Resources */ = {isa = PBXBuildFile; fileRef = EE56EB32240531A4000D8ABC /* GoogleService-Info.plist */; };
		EE87BB622407D7A00016C4BE /* Assets.xcassets in Resources */ = {isa = PBXBuildFile; fileRef = EE87BB612407D7A00016C4BE /* Assets.xcassets */; };
		EEF2FEF223FD9CF400E67F56 /* AppDelegate.swift in Sources */ = {isa = PBXBuildFile; fileRef = EEF2FEF123FD9CF400E67F56 /* AppDelegate.swift */; };
		EEF2FEF423FD9CF400E67F56 /* SceneDelegate.swift in Sources */ = {isa = PBXBuildFile; fileRef = EEF2FEF323FD9CF400E67F56 /* SceneDelegate.swift */; };
		EEF2FEFE23FD9CF500E67F56 /* Preview Assets.xcassets in Resources */ = {isa = PBXBuildFile; fileRef = EEF2FEFD23FD9CF500E67F56 /* Preview Assets.xcassets */; };
		EEF2FF0123FD9CF500E67F56 /* LaunchScreen.storyboard in Resources */ = {isa = PBXBuildFile; fileRef = EEF2FEFF23FD9CF500E67F56 /* LaunchScreen.storyboard */; };
/* End PBXBuildFile section */

/* Begin PBXFileReference section */
		8F05872528121C85005680CE /* LaunchAssembly.swift */ = {isa = PBXFileReference; lastKnownFileType = sourcecode.swift; path = LaunchAssembly.swift; sourceTree = "<group>"; };
		8F5C9AC2281301BF007B9337 /* RootNavigationPresenter.swift */ = {isa = PBXFileReference; lastKnownFileType = sourcecode.swift; path = RootNavigationPresenter.swift; sourceTree = "<group>"; };
		8F5C9AC3281301BF007B9337 /* RootNavigationRouter.swift */ = {isa = PBXFileReference; lastKnownFileType = sourcecode.swift; path = RootNavigationRouter.swift; sourceTree = "<group>"; };
		8F5C9AC4281301BF007B9337 /* RootNavigationController.swift */ = {isa = PBXFileReference; lastKnownFileType = sourcecode.swift; path = RootNavigationController.swift; sourceTree = "<group>"; };
		8F5C9AC5281301BF007B9337 /* RootNavigationAssembly.swift */ = {isa = PBXFileReference; lastKnownFileType = sourcecode.swift; path = RootNavigationAssembly.swift; sourceTree = "<group>"; };
		8F5C9AC6281301BF007B9337 /* RootNavigationInteractor.swift */ = {isa = PBXFileReference; lastKnownFileType = sourcecode.swift; path = RootNavigationInteractor.swift; sourceTree = "<group>"; };
		8F5C9ACC28130796007B9337 /* UserStory.swift */ = {isa = PBXFileReference; lastKnownFileType = sourcecode.swift; path = UserStory.swift; sourceTree = "<group>"; };
		8F99F47A2815FCAA0005D75D /* tjk.json */ = {isa = PBXFileReference; fileEncoding = 4; lastKnownFileType = text.json; path = tjk.json; sourceTree = "<group>"; };
		8F99F47B2815FCAA0005D75D /* ru.json */ = {isa = PBXFileReference; fileEncoding = 4; lastKnownFileType = text.json; path = ru.json; sourceTree = "<group>"; };
		8F99F47C2815FCAA0005D75D /* uk.json */ = {isa = PBXFileReference; fileEncoding = 4; lastKnownFileType = text.json; path = uk.json; sourceTree = "<group>"; };
		8F99F47D2815FCAA0005D75D /* az.json */ = {isa = PBXFileReference; fileEncoding = 4; lastKnownFileType = text.json; path = az.json; sourceTree = "<group>"; };
		8F99F47E2815FCAA0005D75D /* uzb.json */ = {isa = PBXFileReference; fileEncoding = 4; lastKnownFileType = text.json; path = uzb.json; sourceTree = "<group>"; };
		8F99F47F2815FCAA0005D75D /* am.json */ = {isa = PBXFileReference; fileEncoding = 4; lastKnownFileType = text.json; path = am.json; sourceTree = "<group>"; };
		8F99F4802815FCAA0005D75D /* kz.json */ = {isa = PBXFileReference; fileEncoding = 4; lastKnownFileType = text.json; path = kz.json; sourceTree = "<group>"; };
		8F99F4812815FCAA0005D75D /* kgz.json */ = {isa = PBXFileReference; fileEncoding = 4; lastKnownFileType = text.json; path = kgz.json; sourceTree = "<group>"; };
		8F99F4822815FCAA0005D75D /* by.json */ = {isa = PBXFileReference; fileEncoding = 4; lastKnownFileType = text.json; path = by.json; sourceTree = "<group>"; };
		8F99F4832815FCAA0005D75D /* md.json */ = {isa = PBXFileReference; fileEncoding = 4; lastKnownFileType = text.json; path = md.json; sourceTree = "<group>"; };
		EE56EB32240531A4000D8ABC /* GoogleService-Info.plist */ = {isa = PBXFileReference; fileEncoding = 4; lastKnownFileType = text.plist.xml; path = "GoogleService-Info.plist"; sourceTree = "<group>"; };
		EE87BB612407D7A00016C4BE /* Assets.xcassets */ = {isa = PBXFileReference; lastKnownFileType = folder.assetcatalog; path = Assets.xcassets; sourceTree = "<group>"; };
		EEF2FEEE23FD9CF400E67F56 /* CanvasTemplate.app */ = {isa = PBXFileReference; explicitFileType = wrapper.application; includeInIndex = 0; path = CanvasTemplate.app; sourceTree = BUILT_PRODUCTS_DIR; };
		EEF2FEF123FD9CF400E67F56 /* AppDelegate.swift */ = {isa = PBXFileReference; lastKnownFileType = sourcecode.swift; path = AppDelegate.swift; sourceTree = "<group>"; };
		EEF2FEF323FD9CF400E67F56 /* SceneDelegate.swift */ = {isa = PBXFileReference; lastKnownFileType = sourcecode.swift; path = SceneDelegate.swift; sourceTree = "<group>"; };
		EEF2FEFD23FD9CF500E67F56 /* Preview Assets.xcassets */ = {isa = PBXFileReference; lastKnownFileType = folder.assetcatalog; path = "Preview Assets.xcassets"; sourceTree = "<group>"; };
		EEF2FF0023FD9CF500E67F56 /* Base */ = {isa = PBXFileReference; lastKnownFileType = file.storyboard; name = Base; path = Base.lproj/LaunchScreen.storyboard; sourceTree = "<group>"; };
		EEF2FF0223FD9CF500E67F56 /* Info.plist */ = {isa = PBXFileReference; lastKnownFileType = text.plist.xml; path = Info.plist; sourceTree = "<group>"; };
/* End PBXFileReference section */

/* Begin PBXFrameworksBuildPhase section */
		EEF2FEEB23FD9CF400E67F56 /* Frameworks */ = {
			isa = PBXFrameworksBuildPhase;
			buildActionMask = 2147483647;
			files = (
				8F9F2A6C2815EB5A0033D125 /* Account in Frameworks */,
				8F9F2A6F2815EB7F0033D125 /* AuthorizedZone in Frameworks */,
				8F9F2A692815EB3E0033D125 /* Authorization in Frameworks */,
				8F9F2A662815EB0B0033D125 /* Managers in Frameworks */,
			);
			runOnlyForDeploymentPostprocessing = 0;
		};
/* End PBXFrameworksBuildPhase section */

/* Begin PBXGroup section */
		8F43D77028021BA70010E9DE /* Frameworks */ = {
			isa = PBXGroup;
			children = (
			);
			name = Frameworks;
			sourceTree = "<group>";
		};
		8F5C9AC128130183007B9337 /* RootNavigation */ = {
			isa = PBXGroup;
			children = (
				8F5C9AC2281301BF007B9337 /* RootNavigationPresenter.swift */,
				8F5C9AC3281301BF007B9337 /* RootNavigationRouter.swift */,
				8F5C9AC4281301BF007B9337 /* RootNavigationController.swift */,
				8F5C9AC5281301BF007B9337 /* RootNavigationAssembly.swift */,
				8F5C9AC6281301BF007B9337 /* RootNavigationInteractor.swift */,
			);
			path = RootNavigation;
			sourceTree = "<group>";
		};
		8F5C9ACE28130D03007B9337 /* UserStory */ = {
			isa = PBXGroup;
			children = (
				8F5C9ACC28130796007B9337 /* UserStory.swift */,
				8F5C9AC128130183007B9337 /* RootNavigation */,
			);
			path = UserStory;
			sourceTree = "<group>";
		};
		8F5C9ACF281312FF007B9337 /* Launch */ = {
			isa = PBXGroup;
			children = (
				8F05872528121C85005680CE /* LaunchAssembly.swift */,
			);
			path = Launch;
			sourceTree = "<group>";
		};
		8F99F4792815FCAA0005D75D /* Assets */ = {
			isa = PBXGroup;
			children = (
				8F99F47A2815FCAA0005D75D /* tjk.json */,
				8F99F47B2815FCAA0005D75D /* ru.json */,
				8F99F47C2815FCAA0005D75D /* uk.json */,
				8F99F47D2815FCAA0005D75D /* az.json */,
				8F99F47E2815FCAA0005D75D /* uzb.json */,
				8F99F47F2815FCAA0005D75D /* am.json */,
				8F99F4802815FCAA0005D75D /* kz.json */,
				8F99F4812815FCAA0005D75D /* kgz.json */,
				8F99F4822815FCAA0005D75D /* by.json */,
				8F99F4832815FCAA0005D75D /* md.json */,
			);
			path = Assets;
			sourceTree = "<group>";
		};
		EE4EB66D256097790042FF46 /* Supporting Files */ = {
			isa = PBXGroup;
			children = (
				EEF2FEF123FD9CF400E67F56 /* AppDelegate.swift */,
				EEF2FEF323FD9CF400E67F56 /* SceneDelegate.swift */,
			);
			path = "Supporting Files";
			sourceTree = "<group>";
		};
		EEF2FEE523FD9CF400E67F56 = {
			isa = PBXGroup;
			children = (
				EEF2FEF023FD9CF400E67F56 /* diffibleData */,
				EEF2FEEF23FD9CF400E67F56 /* Products */,
				8F43D77028021BA70010E9DE /* Frameworks */,
			);
			sourceTree = "<group>";
		};
		EEF2FEEF23FD9CF400E67F56 /* Products */ = {
			isa = PBXGroup;
			children = (
				EEF2FEEE23FD9CF400E67F56 /* CanvasTemplate.app */,
			);
			name = Products;
			sourceTree = "<group>";
		};
		EEF2FEF023FD9CF400E67F56 /* diffibleData */ = {
			isa = PBXGroup;
			children = (
				8F99F4792815FCAA0005D75D /* Assets */,
				8F5C9ACF281312FF007B9337 /* Launch */,
				8F5C9ACE28130D03007B9337 /* UserStory */,
				EE4EB66D256097790042FF46 /* Supporting Files */,
				EEF2FEFF23FD9CF500E67F56 /* LaunchScreen.storyboard */,
				EE56EB32240531A4000D8ABC /* GoogleService-Info.plist */,
				EE87BB612407D7A00016C4BE /* Assets.xcassets */,
				EEF2FF0223FD9CF500E67F56 /* Info.plist */,
				EEF2FEFC23FD9CF500E67F56 /* Preview Content */,
			);
			path = diffibleData;
			sourceTree = "<group>";
		};
		EEF2FEFC23FD9CF500E67F56 /* Preview Content */ = {
			isa = PBXGroup;
			children = (
				EEF2FEFD23FD9CF500E67F56 /* Preview Assets.xcassets */,
			);
			path = "Preview Content";
			sourceTree = "<group>";
		};
/* End PBXGroup section */

/* Begin PBXNativeTarget section */
		EEF2FEED23FD9CF400E67F56 /* diffibleData */ = {
			isa = PBXNativeTarget;
			buildConfigurationList = EEF2FF0523FD9CF500E67F56 /* Build configuration list for PBXNativeTarget "diffibleData" */;
			buildPhases = (
				EEF2FEEA23FD9CF400E67F56 /* Sources */,
				EEF2FEEB23FD9CF400E67F56 /* Frameworks */,
				EEF2FEEC23FD9CF400E67F56 /* Resources */,
			);
			buildRules = (
			);
			dependencies = (
			);
			name = diffibleData;
			packageProductDependencies = (
				8F9F2A652815EB0B0033D125 /* Managers */,
				8F9F2A682815EB3E0033D125 /* Authorization */,
				8F9F2A6B2815EB5A0033D125 /* Account */,
				8F9F2A6E2815EB7F0033D125 /* AuthorizedZone */,
			);
			productName = diffibleData;
			productReference = EEF2FEEE23FD9CF400E67F56 /* CanvasTemplate.app */;
			productType = "com.apple.product-type.application";
		};
/* End PBXNativeTarget section */

/* Begin PBXProject section */
		EEF2FEE623FD9CF400E67F56 /* Project object */ = {
			isa = PBXProject;
			attributes = {
				LastSwiftUpdateCheck = 1130;
				LastUpgradeCheck = 1220;
				ORGANIZATIONNAME = "Arman Davidoff";
				TargetAttributes = {
					EEF2FEED23FD9CF400E67F56 = {
						CreatedOnToolsVersion = 11.3.1;
					};
				};
			};
			buildConfigurationList = EEF2FEE923FD9CF400E67F56 /* Build configuration list for PBXProject "diffibleData" */;
			compatibilityVersion = "Xcode 9.3";
			developmentRegion = en;
			hasScannedForEncodings = 0;
			knownRegions = (
				en,
				Base,
			);
			mainGroup = EEF2FEE523FD9CF400E67F56;
			packageReferences = (
				8F9F2A642815EB0B0033D125 /* XCRemoteSwiftPackageReference "Managers" */,
				8F9F2A672815EB3E0033D125 /* XCRemoteSwiftPackageReference "Authorization" */,
				8F9F2A6A2815EB5A0033D125 /* XCRemoteSwiftPackageReference "Account" */,
				8F9F2A6D2815EB7F0033D125 /* XCRemoteSwiftPackageReference "AuthorizedZone" */,
			);
			productRefGroup = EEF2FEEF23FD9CF400E67F56 /* Products */;
			projectDirPath = "";
			projectRoot = "";
			targets = (
				EEF2FEED23FD9CF400E67F56 /* diffibleData */,
			);
		};
/* End PBXProject section */

/* Begin PBXResourcesBuildPhase section */
		EEF2FEEC23FD9CF400E67F56 /* Resources */ = {
			isa = PBXResourcesBuildPhase;
			buildActionMask = 2147483647;
			files = (
				8F99F4852815FCAB0005D75D /* ru.json in Resources */,
				8F99F48C2815FCAB0005D75D /* by.json in Resources */,
				EEF2FF0123FD9CF500E67F56 /* LaunchScreen.storyboard in Resources */,
				8F99F4882815FCAB0005D75D /* uzb.json in Resources */,
				8F99F4892815FCAB0005D75D /* am.json in Resources */,
				8F99F4872815FCAB0005D75D /* az.json in Resources */,
				8F99F48A2815FCAB0005D75D /* kz.json in Resources */,
				EE87BB622407D7A00016C4BE /* Assets.xcassets in Resources */,
				EEF2FEFE23FD9CF500E67F56 /* Preview Assets.xcassets in Resources */,
				8F99F48B2815FCAB0005D75D /* kgz.json in Resources */,
				8F99F48D2815FCAB0005D75D /* md.json in Resources */,
				8F99F4842815FCAB0005D75D /* tjk.json in Resources */,
				EE56EB33240531A4000D8ABC /* GoogleService-Info.plist in Resources */,
				8F99F4862815FCAB0005D75D /* uk.json in Resources */,
			);
			runOnlyForDeploymentPostprocessing = 0;
		};
/* End PBXResourcesBuildPhase section */

/* Begin PBXSourcesBuildPhase section */
		EEF2FEEA23FD9CF400E67F56 /* Sources */ = {
			isa = PBXSourcesBuildPhase;
			buildActionMask = 2147483647;
			files = (
				8F05872628121C85005680CE /* LaunchAssembly.swift in Sources */,
				8F5C9ACA281301BF007B9337 /* RootNavigationAssembly.swift in Sources */,
				8F5C9ACB281301BF007B9337 /* RootNavigationInteractor.swift in Sources */,
				EEF2FEF223FD9CF400E67F56 /* AppDelegate.swift in Sources */,
				8F5C9AC9281301BF007B9337 /* RootNavigationController.swift in Sources */,
				8F5C9AC8281301BF007B9337 /* RootNavigationRouter.swift in Sources */,
				EEF2FEF423FD9CF400E67F56 /* SceneDelegate.swift in Sources */,
				8F5C9AC7281301BF007B9337 /* RootNavigationPresenter.swift in Sources */,
				8F5C9ACD28130796007B9337 /* UserStory.swift in Sources */,
			);
			runOnlyForDeploymentPostprocessing = 0;
		};
/* End PBXSourcesBuildPhase section */

/* Begin PBXVariantGroup section */
		EEF2FEFF23FD9CF500E67F56 /* LaunchScreen.storyboard */ = {
			isa = PBXVariantGroup;
			children = (
				EEF2FF0023FD9CF500E67F56 /* Base */,
			);
			name = LaunchScreen.storyboard;
			sourceTree = "<group>";
		};
/* End PBXVariantGroup section */

/* Begin XCBuildConfiguration section */
		EEF2FF0323FD9CF500E67F56 /* Debug */ = {
			isa = XCBuildConfiguration;
			buildSettings = {
				ALWAYS_SEARCH_USER_PATHS = NO;
				CLANG_ANALYZER_NONNULL = YES;
				CLANG_ANALYZER_NUMBER_OBJECT_CONVERSION = YES_AGGRESSIVE;
				CLANG_CXX_LANGUAGE_STANDARD = "gnu++14";
				CLANG_CXX_LIBRARY = "libc++";
				CLANG_ENABLE_MODULES = YES;
				CLANG_ENABLE_OBJC_ARC = YES;
				CLANG_ENABLE_OBJC_WEAK = YES;
				CLANG_WARN_BLOCK_CAPTURE_AUTORELEASING = YES;
				CLANG_WARN_BOOL_CONVERSION = YES;
				CLANG_WARN_COMMA = YES;
				CLANG_WARN_CONSTANT_CONVERSION = YES;
				CLANG_WARN_DEPRECATED_OBJC_IMPLEMENTATIONS = YES;
				CLANG_WARN_DIRECT_OBJC_ISA_USAGE = YES_ERROR;
				CLANG_WARN_DOCUMENTATION_COMMENTS = YES;
				CLANG_WARN_EMPTY_BODY = YES;
				CLANG_WARN_ENUM_CONVERSION = YES;
				CLANG_WARN_INFINITE_RECURSION = YES;
				CLANG_WARN_INT_CONVERSION = YES;
				CLANG_WARN_NON_LITERAL_NULL_CONVERSION = YES;
				CLANG_WARN_OBJC_IMPLICIT_RETAIN_SELF = YES;
				CLANG_WARN_OBJC_LITERAL_CONVERSION = YES;
				CLANG_WARN_OBJC_ROOT_CLASS = YES_ERROR;
				CLANG_WARN_QUOTED_INCLUDE_IN_FRAMEWORK_HEADER = YES;
				CLANG_WARN_RANGE_LOOP_ANALYSIS = YES;
				CLANG_WARN_STRICT_PROTOTYPES = YES;
				CLANG_WARN_SUSPICIOUS_MOVE = YES;
				CLANG_WARN_UNGUARDED_AVAILABILITY = YES_AGGRESSIVE;
				CLANG_WARN_UNREACHABLE_CODE = YES;
				CLANG_WARN__DUPLICATE_METHOD_MATCH = YES;
				COPY_PHASE_STRIP = NO;
				DEBUG_INFORMATION_FORMAT = dwarf;
				ENABLE_STRICT_OBJC_MSGSEND = YES;
				ENABLE_TESTABILITY = YES;
				GCC_C_LANGUAGE_STANDARD = gnu11;
				GCC_DYNAMIC_NO_PIC = NO;
				GCC_NO_COMMON_BLOCKS = YES;
				GCC_OPTIMIZATION_LEVEL = 0;
				GCC_PREPROCESSOR_DEFINITIONS = (
					"DEBUG=1",
					"$(inherited)",
				);
				GCC_WARN_64_TO_32_BIT_CONVERSION = YES;
				GCC_WARN_ABOUT_RETURN_TYPE = YES_ERROR;
				GCC_WARN_UNDECLARED_SELECTOR = YES;
				GCC_WARN_UNINITIALIZED_AUTOS = YES_AGGRESSIVE;
				GCC_WARN_UNUSED_FUNCTION = YES;
				GCC_WARN_UNUSED_VARIABLE = YES;
				IPHONEOS_DEPLOYMENT_TARGET = 13.0;
				MTL_ENABLE_DEBUG_INFO = INCLUDE_SOURCE;
				MTL_FAST_MATH = YES;
				ONLY_ACTIVE_ARCH = YES;
				SDKROOT = iphoneos;
				SWIFT_ACTIVE_COMPILATION_CONDITIONS = DEBUG;
				SWIFT_OPTIMIZATION_LEVEL = "-Onone";
			};
			name = Debug;
		};
		EEF2FF0423FD9CF500E67F56 /* Release */ = {
			isa = XCBuildConfiguration;
			buildSettings = {
				ALWAYS_SEARCH_USER_PATHS = NO;
				CLANG_ANALYZER_NONNULL = YES;
				CLANG_ANALYZER_NUMBER_OBJECT_CONVERSION = YES_AGGRESSIVE;
				CLANG_CXX_LANGUAGE_STANDARD = "gnu++14";
				CLANG_CXX_LIBRARY = "libc++";
				CLANG_ENABLE_MODULES = YES;
				CLANG_ENABLE_OBJC_ARC = YES;
				CLANG_ENABLE_OBJC_WEAK = YES;
				CLANG_WARN_BLOCK_CAPTURE_AUTORELEASING = YES;
				CLANG_WARN_BOOL_CONVERSION = YES;
				CLANG_WARN_COMMA = YES;
				CLANG_WARN_CONSTANT_CONVERSION = YES;
				CLANG_WARN_DEPRECATED_OBJC_IMPLEMENTATIONS = YES;
				CLANG_WARN_DIRECT_OBJC_ISA_USAGE = YES_ERROR;
				CLANG_WARN_DOCUMENTATION_COMMENTS = YES;
				CLANG_WARN_EMPTY_BODY = YES;
				CLANG_WARN_ENUM_CONVERSION = YES;
				CLANG_WARN_INFINITE_RECURSION = YES;
				CLANG_WARN_INT_CONVERSION = YES;
				CLANG_WARN_NON_LITERAL_NULL_CONVERSION = YES;
				CLANG_WARN_OBJC_IMPLICIT_RETAIN_SELF = YES;
				CLANG_WARN_OBJC_LITERAL_CONVERSION = YES;
				CLANG_WARN_OBJC_ROOT_CLASS = YES_ERROR;
				CLANG_WARN_QUOTED_INCLUDE_IN_FRAMEWORK_HEADER = YES;
				CLANG_WARN_RANGE_LOOP_ANALYSIS = YES;
				CLANG_WARN_STRICT_PROTOTYPES = YES;
				CLANG_WARN_SUSPICIOUS_MOVE = YES;
				CLANG_WARN_UNGUARDED_AVAILABILITY = YES_AGGRESSIVE;
				CLANG_WARN_UNREACHABLE_CODE = YES;
				CLANG_WARN__DUPLICATE_METHOD_MATCH = YES;
				COPY_PHASE_STRIP = NO;
				DEBUG_INFORMATION_FORMAT = "dwarf-with-dsym";
				ENABLE_NS_ASSERTIONS = NO;
				ENABLE_STRICT_OBJC_MSGSEND = YES;
				GCC_C_LANGUAGE_STANDARD = gnu11;
				GCC_NO_COMMON_BLOCKS = YES;
				GCC_WARN_64_TO_32_BIT_CONVERSION = YES;
				GCC_WARN_ABOUT_RETURN_TYPE = YES_ERROR;
				GCC_WARN_UNDECLARED_SELECTOR = YES;
				GCC_WARN_UNINITIALIZED_AUTOS = YES_AGGRESSIVE;
				GCC_WARN_UNUSED_FUNCTION = YES;
				GCC_WARN_UNUSED_VARIABLE = YES;
				IPHONEOS_DEPLOYMENT_TARGET = 13.0;
				MTL_ENABLE_DEBUG_INFO = NO;
				MTL_FAST_MATH = YES;
				SDKROOT = iphoneos;
				SWIFT_COMPILATION_MODE = wholemodule;
				SWIFT_OPTIMIZATION_LEVEL = "-O";
				VALIDATE_PRODUCT = YES;
			};
			name = Release;
		};
		EEF2FF0623FD9CF500E67F56 /* Debug */ = {
			isa = XCBuildConfiguration;
			buildSettings = {
				ASSETCATALOG_COMPILER_APPICON_NAME = AppIcon;
				CODE_SIGN_STYLE = Automatic;
				DEVELOPMENT_ASSET_PATHS = "\"diffibleData/Preview Content\"";
				DEVELOPMENT_TEAM = H4235XV69F;
				ENABLE_PREVIEWS = YES;
				INFOPLIST_FILE = diffibleData/Info.plist;
				IPHONEOS_DEPLOYMENT_TARGET = 13.0;
				LD_RUNPATH_SEARCH_PATHS = (
					"$(inherited)",
					"@executable_path/Frameworks",
				);
				PRODUCT_BUNDLE_IDENTIFIER = Cocokigo.chat;
				PRODUCT_NAME = CanvasTemplate;
				SWIFT_VERSION = 5.0;
				TARGETED_DEVICE_FAMILY = 1;
			};
			name = Debug;
		};
		EEF2FF0723FD9CF500E67F56 /* Release */ = {
			isa = XCBuildConfiguration;
			buildSettings = {
				ASSETCATALOG_COMPILER_APPICON_NAME = AppIcon;
				CODE_SIGN_STYLE = Automatic;
				DEVELOPMENT_ASSET_PATHS = "\"diffibleData/Preview Content\"";
				DEVELOPMENT_TEAM = H4235XV69F;
				ENABLE_PREVIEWS = YES;
				INFOPLIST_FILE = diffibleData/Info.plist;
				IPHONEOS_DEPLOYMENT_TARGET = 13.0;
				LD_RUNPATH_SEARCH_PATHS = (
					"$(inherited)",
					"@executable_path/Frameworks",
				);
				PRODUCT_BUNDLE_IDENTIFIER = Cocokigo.chat;
				PRODUCT_NAME = CanvasTemplate;
				SWIFT_VERSION = 5.0;
				TARGETED_DEVICE_FAMILY = 1;
			};
			name = Release;
		};
/* End XCBuildConfiguration section */

/* Begin XCConfigurationList section */
		EEF2FEE923FD9CF400E67F56 /* Build configuration list for PBXProject "diffibleData" */ = {
			isa = XCConfigurationList;
			buildConfigurations = (
				EEF2FF0323FD9CF500E67F56 /* Debug */,
				EEF2FF0423FD9CF500E67F56 /* Release */,
			);
			defaultConfigurationIsVisible = 0;
			defaultConfigurationName = Release;
		};
		EEF2FF0523FD9CF500E67F56 /* Build configuration list for PBXNativeTarget "diffibleData" */ = {
			isa = XCConfigurationList;
			buildConfigurations = (
				EEF2FF0623FD9CF500E67F56 /* Debug */,
				EEF2FF0723FD9CF500E67F56 /* Release */,
			);
			defaultConfigurationIsVisible = 0;
			defaultConfigurationName = Release;
		};
/* End XCConfigurationList section */

/* Begin XCRemoteSwiftPackageReference section */
		8F9F2A642815EB0B0033D125 /* XCRemoteSwiftPackageReference "Managers" */ = {
			isa = XCRemoteSwiftPackageReference;
			repositoryURL = "https://github.com/arman095095/Managers.git";
			requirement = {
				branch = develop;
				kind = branch;
			};
		};
		8F9F2A672815EB3E0033D125 /* XCRemoteSwiftPackageReference "Authorization" */ = {
			isa = XCRemoteSwiftPackageReference;
			repositoryURL = "https://github.com/arman095095/Authorization.git";
			requirement = {
				branch = develop;
				kind = branch;
			};
		};
		8F9F2A6A2815EB5A0033D125 /* XCRemoteSwiftPackageReference "Account" */ = {
			isa = XCRemoteSwiftPackageReference;
			repositoryURL = "https://github.com/arman095095/Account.git";
			requirement = {
				branch = develop;
				kind = branch;
			};
		};
		8F9F2A6D2815EB7F0033D125 /* XCRemoteSwiftPackageReference "AuthorizedZone" */ = {
			isa = XCRemoteSwiftPackageReference;
			repositoryURL = "https://github.com/arman095095/AuthorizedZone.git";
			requirement = {
				branch = develop;
				kind = branch;
			};
		};
/* End XCRemoteSwiftPackageReference section */

/* Begin XCSwiftPackageProductDependency section */
		8F9F2A652815EB0B0033D125 /* Managers */ = {
			isa = XCSwiftPackageProductDependency;
			package = 8F9F2A642815EB0B0033D125 /* XCRemoteSwiftPackageReference "Managers" */;
			productName = Managers;
		};
		8F9F2A682815EB3E0033D125 /* Authorization */ = {
			isa = XCSwiftPackageProductDependency;
			package = 8F9F2A672815EB3E0033D125 /* XCRemoteSwiftPackageReference "Authorization" */;
			productName = Authorization;
		};
		8F9F2A6B2815EB5A0033D125 /* Account */ = {
			isa = XCSwiftPackageProductDependency;
			package = 8F9F2A6A2815EB5A0033D125 /* XCRemoteSwiftPackageReference "Account" */;
			productName = Account;
		};
		8F9F2A6E2815EB7F0033D125 /* AuthorizedZone */ = {
			isa = XCSwiftPackageProductDependency;
			package = 8F9F2A6D2815EB7F0033D125 /* XCRemoteSwiftPackageReference "AuthorizedZone" */;
			productName = AuthorizedZone;
		};
/* End XCSwiftPackageProductDependency section */
	};
	rootObject = EEF2FEE623FD9CF400E67F56 /* Project object */;
}
